{
  "nodes": {
    "nixpkgs": {
      "locked": {
        "lastModified": 1721833170,
        "narHash": "sha256-SOhENNj96n6kJNITQQCiyZgzOximpMLz7uyVhbbB8MA=",
        "owner": "nixos",
        "repo": "nixpkgs",
        "rev": "934b5035b4c57bf4008a6291735604f9997e950f",
        "type": "github"
      },
      "original": {
        "owner": "nixos",
        "repo": "nixpkgs",
        "type": "github"
      }
    },
    "root": {
      "inputs": {
        "nixpkgs": "nixpkgs"
      }
    }
  },
  "root": "root",
  "version": 7
}
